// !$*UTF8*$!
{
	archiveVersion = 1;
	classes = {
	};
	objectVersion = 46;
	objects = {

/* Begin PBXBuildFile section */
		D565213D1C86699D008B58E5 /* main.m in Sources */ = {isa = PBXBuildFile; fileRef = D565213C1C86699D008B58E5 /* main.m */; };
		D56521401C86699D008B58E5 /* AppDelegate.m in Sources */ = {isa = PBXBuildFile; fileRef = D565213F1C86699D008B58E5 /* AppDelegate.m */; };
		D56521491C86699D008B58E5 /* Main.storyboard in Resources */ = {isa = PBXBuildFile; fileRef = D56521471C86699D008B58E5 /* Main.storyboard */; };
		D565214B1C86699D008B58E5 /* Assets.xcassets in Resources */ = {isa = PBXBuildFile; fileRef = D565214A1C86699D008B58E5 /* Assets.xcassets */; };
		D565214E1C86699D008B58E5 /* LaunchScreen.storyboard in Resources */ = {isa = PBXBuildFile; fileRef = D565214C1C86699D008B58E5 /* LaunchScreen.storyboard */; };
		D56521681C866B0C008B58E5 /* TopicTests.m in Sources */ = {isa = PBXBuildFile; fileRef = D56521671C866B0C008B58E5 /* TopicTests.m */; };
		D565216B1C866F59008B58E5 /* Topic.m in Sources */ = {isa = PBXBuildFile; fileRef = D565216A1C866F59008B58E5 /* Topic.m */; };
		D565216C1C866F59008B58E5 /* Topic.m in Sources */ = {isa = PBXBuildFile; fileRef = D565216A1C866F59008B58E5 /* Topic.m */; };
		D56521701C867839008B58E5 /* QuestionTests.m in Sources */ = {isa = PBXBuildFile; fileRef = D565216F1C867839008B58E5 /* QuestionTests.m */; };
		D56521731C867977008B58E5 /* Question.m in Sources */ = {isa = PBXBuildFile; fileRef = D56521721C867977008B58E5 /* Question.m */; };
		D56521741C867977008B58E5 /* Question.m in Sources */ = {isa = PBXBuildFile; fileRef = D56521721C867977008B58E5 /* Question.m */; };
		D56521761C87FEFE008B58E5 /* PersonTests.m in Sources */ = {isa = PBXBuildFile; fileRef = D56521751C87FEFE008B58E5 /* PersonTests.m */; };
		D56521791C87FFED008B58E5 /* Person.m in Sources */ = {isa = PBXBuildFile; fileRef = D56521781C87FFED008B58E5 /* Person.m */; };
		D565217A1C87FFED008B58E5 /* Person.m in Sources */ = {isa = PBXBuildFile; fileRef = D56521781C87FFED008B58E5 /* Person.m */; };
		D565217C1C8B354C008B58E5 /* AnswerTests.m in Sources */ = {isa = PBXBuildFile; fileRef = D565217B1C8B354C008B58E5 /* AnswerTests.m */; };
		D565217F1C8B3BA5008B58E5 /* Answer.m in Sources */ = {isa = PBXBuildFile; fileRef = D565217E1C8B3BA5008B58E5 /* Answer.m */; };
		D56521801C8B3BA5008B58E5 /* Answer.m in Sources */ = {isa = PBXBuildFile; fileRef = D565217E1C8B3BA5008B58E5 /* Answer.m */; };
		D56521871C8CFDE8008B58E5 /* StackOverflowManager.m in Sources */ = {isa = PBXBuildFile; fileRef = D56521861C8CFDE8008B58E5 /* StackOverflowManager.m */; };
		D56521881C8CFDE8008B58E5 /* StackOverflowManager.m in Sources */ = {isa = PBXBuildFile; fileRef = D56521861C8CFDE8008B58E5 /* StackOverflowManager.m */; };
		D565218C1C8CFE8F008B58E5 /* MockStackOverflowManagerDelegate.m in Sources */ = {isa = PBXBuildFile; fileRef = D565218B1C8CFE8F008B58E5 /* MockStackOverflowManagerDelegate.m */; };
		D565218D1C8CFE8F008B58E5 /* MockStackOverflowManagerDelegate.m in Sources */ = {isa = PBXBuildFile; fileRef = D565218B1C8CFE8F008B58E5 /* MockStackOverflowManagerDelegate.m */; };
		D56521951C911A39008B58E5 /* QuestionCreationWorkflowTests.m in Sources */ = {isa = PBXBuildFile; fileRef = D56521941C911A39008B58E5 /* QuestionCreationWorkflowTests.m */; };
		D565219B1C911DB6008B58E5 /* MasterViewController.m in Sources */ = {isa = PBXBuildFile; fileRef = D56521971C911DB6008B58E5 /* MasterViewController.m */; };
		D565219C1C911DB6008B58E5 /* MasterViewController.m in Sources */ = {isa = PBXBuildFile; fileRef = D56521971C911DB6008B58E5 /* MasterViewController.m */; };
		D565219D1C911DB6008B58E5 /* DetailViewController.m in Sources */ = {isa = PBXBuildFile; fileRef = D56521991C911DB6008B58E5 /* DetailViewController.m */; };
		D565219E1C911DB6008B58E5 /* DetailViewController.m in Sources */ = {isa = PBXBuildFile; fileRef = D56521991C911DB6008B58E5 /* DetailViewController.m */; };
		D56521A21C911DEF008B58E5 /* StackOverflowCommunicator.m in Sources */ = {isa = PBXBuildFile; fileRef = D56521A11C911DEF008B58E5 /* StackOverflowCommunicator.m */; };
		D56521A31C911DEF008B58E5 /* StackOverflowCommunicator.m in Sources */ = {isa = PBXBuildFile; fileRef = D56521A11C911DEF008B58E5 /* StackOverflowCommunicator.m */; };
		D56521A71C911E10008B58E5 /* MockStackOverflowCommunicator.m in Sources */ = {isa = PBXBuildFile; fileRef = D56521A61C911E10008B58E5 /* MockStackOverflowCommunicator.m */; };
		D56521AB1C912E84008B58E5 /* QuestionBuilder.m in Sources */ = {isa = PBXBuildFile; fileRef = D56521AA1C912E84008B58E5 /* QuestionBuilder.m */; };
		D56521AC1C912E84008B58E5 /* QuestionBuilder.m in Sources */ = {isa = PBXBuildFile; fileRef = D56521AA1C912E84008B58E5 /* QuestionBuilder.m */; };
		D56521B01C912EDF008B58E5 /* FakeQuestionBuilder.m in Sources */ = {isa = PBXBuildFile; fileRef = D56521AF1C912EDF008B58E5 /* FakeQuestionBuilder.m */; };
/* End PBXBuildFile section */

/* Begin PBXContainerItemProxy section */
		D56521551C86699D008B58E5 /* PBXContainerItemProxy */ = {
			isa = PBXContainerItemProxy;
			containerPortal = D56521301C86699D008B58E5 /* Project object */;
			proxyType = 1;
			remoteGlobalIDString = D56521371C86699D008B58E5;
			remoteInfo = BrowseOverflow;
		};
/* End PBXContainerItemProxy section */

/* Begin PBXFileReference section */
		D56521381C86699D008B58E5 /* BrowseOverflow.app */ = {isa = PBXFileReference; explicitFileType = wrapper.application; includeInIndex = 0; path = BrowseOverflow.app; sourceTree = BUILT_PRODUCTS_DIR; };
		D565213C1C86699D008B58E5 /* main.m */ = {isa = PBXFileReference; lastKnownFileType = sourcecode.c.objc; path = main.m; sourceTree = "<group>"; };
		D565213E1C86699D008B58E5 /* AppDelegate.h */ = {isa = PBXFileReference; lastKnownFileType = sourcecode.c.h; path = AppDelegate.h; sourceTree = "<group>"; };
		D565213F1C86699D008B58E5 /* AppDelegate.m */ = {isa = PBXFileReference; lastKnownFileType = sourcecode.c.objc; path = AppDelegate.m; sourceTree = "<group>"; };
		D56521481C86699D008B58E5 /* Base */ = {isa = PBXFileReference; lastKnownFileType = file.storyboard; name = Base; path = Base.lproj/Main.storyboard; sourceTree = "<group>"; };
		D565214A1C86699D008B58E5 /* Assets.xcassets */ = {isa = PBXFileReference; lastKnownFileType = folder.assetcatalog; path = Assets.xcassets; sourceTree = "<group>"; };
		D565214D1C86699D008B58E5 /* Base */ = {isa = PBXFileReference; lastKnownFileType = file.storyboard; name = Base; path = Base.lproj/LaunchScreen.storyboard; sourceTree = "<group>"; };
		D565214F1C86699D008B58E5 /* Info.plist */ = {isa = PBXFileReference; lastKnownFileType = text.plist.xml; path = Info.plist; sourceTree = "<group>"; };
		D56521541C86699D008B58E5 /* BrowseOverflowTests.xctest */ = {isa = PBXFileReference; explicitFileType = wrapper.cfbundle; includeInIndex = 0; path = BrowseOverflowTests.xctest; sourceTree = BUILT_PRODUCTS_DIR; };
		D565215A1C86699D008B58E5 /* Info.plist */ = {isa = PBXFileReference; lastKnownFileType = text.plist.xml; path = Info.plist; sourceTree = "<group>"; };
		D56521671C866B0C008B58E5 /* TopicTests.m */ = {isa = PBXFileReference; fileEncoding = 4; lastKnownFileType = sourcecode.c.objc; name = TopicTests.m; path = Models/TopicTests.m; sourceTree = "<group>"; };
		D56521691C866F59008B58E5 /* Topic.h */ = {isa = PBXFileReference; fileEncoding = 4; lastKnownFileType = sourcecode.c.h; name = Topic.h; path = Models/Topic.h; sourceTree = "<group>"; };
		D565216A1C866F59008B58E5 /* Topic.m */ = {isa = PBXFileReference; fileEncoding = 4; lastKnownFileType = sourcecode.c.objc; name = Topic.m; path = Models/Topic.m; sourceTree = "<group>"; };
		D565216F1C867839008B58E5 /* QuestionTests.m */ = {isa = PBXFileReference; fileEncoding = 4; lastKnownFileType = sourcecode.c.objc; name = QuestionTests.m; path = Models/QuestionTests.m; sourceTree = "<group>"; };
		D56521711C867977008B58E5 /* Question.h */ = {isa = PBXFileReference; fileEncoding = 4; lastKnownFileType = sourcecode.c.h; name = Question.h; path = Models/Question.h; sourceTree = "<group>"; };
		D56521721C867977008B58E5 /* Question.m */ = {isa = PBXFileReference; fileEncoding = 4; lastKnownFileType = sourcecode.c.objc; name = Question.m; path = Models/Question.m; sourceTree = "<group>"; };
		D56521751C87FEFE008B58E5 /* PersonTests.m */ = {isa = PBXFileReference; fileEncoding = 4; lastKnownFileType = sourcecode.c.objc; name = PersonTests.m; path = Models/PersonTests.m; sourceTree = "<group>"; };
		D56521771C87FFED008B58E5 /* Person.h */ = {isa = PBXFileReference; fileEncoding = 4; lastKnownFileType = sourcecode.c.h; name = Person.h; path = Models/Person.h; sourceTree = "<group>"; };
		D56521781C87FFED008B58E5 /* Person.m */ = {isa = PBXFileReference; fileEncoding = 4; lastKnownFileType = sourcecode.c.objc; name = Person.m; path = Models/Person.m; sourceTree = "<group>"; };
		D565217B1C8B354C008B58E5 /* AnswerTests.m */ = {isa = PBXFileReference; fileEncoding = 4; lastKnownFileType = sourcecode.c.objc; name = AnswerTests.m; path = Models/AnswerTests.m; sourceTree = "<group>"; };
		D565217D1C8B3BA5008B58E5 /* Answer.h */ = {isa = PBXFileReference; fileEncoding = 4; lastKnownFileType = sourcecode.c.h; name = Answer.h; path = Models/Answer.h; sourceTree = "<group>"; };
		D565217E1C8B3BA5008B58E5 /* Answer.m */ = {isa = PBXFileReference; fileEncoding = 4; lastKnownFileType = sourcecode.c.objc; name = Answer.m; path = Models/Answer.m; sourceTree = "<group>"; };
		D56521851C8CFDE8008B58E5 /* StackOverflowManager.h */ = {isa = PBXFileReference; fileEncoding = 4; lastKnownFileType = sourcecode.c.h; name = StackOverflowManager.h; path = "Domain Logic/StackOverflowManager.h"; sourceTree = "<group>"; };
		D56521861C8CFDE8008B58E5 /* StackOverflowManager.m */ = {isa = PBXFileReference; fileEncoding = 4; lastKnownFileType = sourcecode.c.objc; name = StackOverflowManager.m; path = "Domain Logic/StackOverflowManager.m"; sourceTree = "<group>"; };
		D565218A1C8CFE8F008B58E5 /* MockStackOverflowManagerDelegate.h */ = {isa = PBXFileReference; fileEncoding = 4; lastKnownFileType = sourcecode.c.h; name = MockStackOverflowManagerDelegate.h; path = "Domain Logic/MockStackOverflowManagerDelegate.h"; sourceTree = "<group>"; };
		D565218B1C8CFE8F008B58E5 /* MockStackOverflowManagerDelegate.m */ = {isa = PBXFileReference; fileEncoding = 4; lastKnownFileType = sourcecode.c.objc; name = MockStackOverflowManagerDelegate.m; path = "Domain Logic/MockStackOverflowManagerDelegate.m"; sourceTree = "<group>"; };
		D56521941C911A39008B58E5 /* QuestionCreationWorkflowTests.m */ = {isa = PBXFileReference; fileEncoding = 4; lastKnownFileType = sourcecode.c.objc; name = QuestionCreationWorkflowTests.m; path = "Domain Logic/QuestionCreationWorkflowTests.m"; sourceTree = "<group>"; };
		D56521971C911DB6008B58E5 /* MasterViewController.m */ = {isa = PBXFileReference; fileEncoding = 4; lastKnownFileType = sourcecode.c.objc; name = MasterViewController.m; path = Controllers/MasterViewController.m; sourceTree = "<group>"; };
		D56521981C911DB6008B58E5 /* MasterViewController.h */ = {isa = PBXFileReference; fileEncoding = 4; lastKnownFileType = sourcecode.c.h; name = MasterViewController.h; path = Controllers/MasterViewController.h; sourceTree = "<group>"; };
		D56521991C911DB6008B58E5 /* DetailViewController.m */ = {isa = PBXFileReference; fileEncoding = 4; lastKnownFileType = sourcecode.c.objc; name = DetailViewController.m; path = Controllers/DetailViewController.m; sourceTree = "<group>"; };
		D565219A1C911DB6008B58E5 /* DetailViewController.h */ = {isa = PBXFileReference; fileEncoding = 4; lastKnownFileType = sourcecode.c.h; name = DetailViewController.h; path = Controllers/DetailViewController.h; sourceTree = "<group>"; };
		D56521A01C911DEF008B58E5 /* StackOverflowCommunicator.h */ = {isa = PBXFileReference; fileEncoding = 4; lastKnownFileType = sourcecode.c.h; name = StackOverflowCommunicator.h; path = Communicators/StackOverflowCommunicator.h; sourceTree = "<group>"; };
		D56521A11C911DEF008B58E5 /* StackOverflowCommunicator.m */ = {isa = PBXFileReference; fileEncoding = 4; lastKnownFileType = sourcecode.c.objc; name = StackOverflowCommunicator.m; path = Communicators/StackOverflowCommunicator.m; sourceTree = "<group>"; };
		D56521A51C911E10008B58E5 /* MockStackOverflowCommunicator.h */ = {isa = PBXFileReference; fileEncoding = 4; lastKnownFileType = sourcecode.c.h; name = MockStackOverflowCommunicator.h; path = Communicators/MockStackOverflowCommunicator.h; sourceTree = "<group>"; };
		D56521A61C911E10008B58E5 /* MockStackOverflowCommunicator.m */ = {isa = PBXFileReference; fileEncoding = 4; lastKnownFileType = sourcecode.c.objc; name = MockStackOverflowCommunicator.m; path = Communicators/MockStackOverflowCommunicator.m; sourceTree = "<group>"; };
		D56521A91C912E84008B58E5 /* QuestionBuilder.h */ = {isa = PBXFileReference; fileEncoding = 4; lastKnownFileType = sourcecode.c.h; name = QuestionBuilder.h; path = Builders/QuestionBuilder.h; sourceTree = "<group>"; };
		D56521AA1C912E84008B58E5 /* QuestionBuilder.m */ = {isa = PBXFileReference; fileEncoding = 4; lastKnownFileType = sourcecode.c.objc; name = QuestionBuilder.m; path = Builders/QuestionBuilder.m; sourceTree = "<group>"; };
		D56521AE1C912EDF008B58E5 /* FakeQuestionBuilder.h */ = {isa = PBXFileReference; fileEncoding = 4; lastKnownFileType = sourcecode.c.h; name = FakeQuestionBuilder.h; path = Builders/FakeQuestionBuilder.h; sourceTree = "<group>"; };
		D56521AF1C912EDF008B58E5 /* FakeQuestionBuilder.m */ = {isa = PBXFileReference; fileEncoding = 4; lastKnownFileType = sourcecode.c.objc; name = FakeQuestionBuilder.m; path = Builders/FakeQuestionBuilder.m; sourceTree = "<group>"; };
/* End PBXFileReference section */

/* Begin PBXFrameworksBuildPhase section */
		D56521351C86699D008B58E5 /* Frameworks */ = {
			isa = PBXFrameworksBuildPhase;
			buildActionMask = 2147483647;
			files = (
			);
			runOnlyForDeploymentPostprocessing = 0;
		};
		D56521511C86699D008B58E5 /* Frameworks */ = {
			isa = PBXFrameworksBuildPhase;
			buildActionMask = 2147483647;
			files = (
			);
			runOnlyForDeploymentPostprocessing = 0;
		};
/* End PBXFrameworksBuildPhase section */

/* Begin PBXGroup section */
		D565212F1C86699D008B58E5 = {
			isa = PBXGroup;
			children = (
				D565213A1C86699D008B58E5 /* BrowseOverflow */,
				D56521571C86699D008B58E5 /* BrowseOverflowTests */,
				D56521391C86699D008B58E5 /* Products */,
			);
			sourceTree = "<group>";
		};
		D56521391C86699D008B58E5 /* Products */ = {
			isa = PBXGroup;
			children = (
				D56521381C86699D008B58E5 /* BrowseOverflow.app */,
				D56521541C86699D008B58E5 /* BrowseOverflowTests.xctest */,
			);
			name = Products;
			sourceTree = "<group>";
		};
		D565213A1C86699D008B58E5 /* BrowseOverflow */ = {
			isa = PBXGroup;
			children = (
				D56521A81C912E62008B58E5 /* Builders */,
				D565219F1C911DD3008B58E5 /* Communicators */,
				D56521961C911D88008B58E5 /* Controllers */,
				D56521831C8BE6E9008B58E5 /* Domain Logic */,
				D56521631C866ABB008B58E5 /* Models */,
				D565213E1C86699D008B58E5 /* AppDelegate.h */,
				D565213F1C86699D008B58E5 /* AppDelegate.m */,
				D56521471C86699D008B58E5 /* Main.storyboard */,
				D565214A1C86699D008B58E5 /* Assets.xcassets */,
				D565214C1C86699D008B58E5 /* LaunchScreen.storyboard */,
				D565214F1C86699D008B58E5 /* Info.plist */,
				D565213B1C86699D008B58E5 /* Supporting Files */,
			);
			path = BrowseOverflow;
			sourceTree = "<group>";
		};
		D565213B1C86699D008B58E5 /* Supporting Files */ = {
			isa = PBXGroup;
			children = (
				D565213C1C86699D008B58E5 /* main.m */,
			);
			name = "Supporting Files";
			sourceTree = "<group>";
		};
		D56521571C86699D008B58E5 /* BrowseOverflowTests */ = {
			isa = PBXGroup;
			children = (
				D56521AD1C912EC4008B58E5 /* Builders */,
				D56521A41C911DF7008B58E5 /* Communicators */,
				D56521841C8BE715008B58E5 /* Domain Logic */,
				D56521661C866AED008B58E5 /* Models */,
				D565215A1C86699D008B58E5 /* Info.plist */,
			);
			path = BrowseOverflowTests;
			sourceTree = "<group>";
		};
		D56521631C866ABB008B58E5 /* Models */ = {
			isa = PBXGroup;
			children = (
				D56521691C866F59008B58E5 /* Topic.h */,
				D565216A1C866F59008B58E5 /* Topic.m */,
				D56521711C867977008B58E5 /* Question.h */,
				D56521721C867977008B58E5 /* Question.m */,
				D56521771C87FFED008B58E5 /* Person.h */,
				D56521781C87FFED008B58E5 /* Person.m */,
				D565217D1C8B3BA5008B58E5 /* Answer.h */,
				D565217E1C8B3BA5008B58E5 /* Answer.m */,
			);
			name = Models;
			sourceTree = "<group>";
		};
		D56521661C866AED008B58E5 /* Models */ = {
			isa = PBXGroup;
			children = (
				D56521671C866B0C008B58E5 /* TopicTests.m */,
				D565216F1C867839008B58E5 /* QuestionTests.m */,
				D56521751C87FEFE008B58E5 /* PersonTests.m */,
				D565217B1C8B354C008B58E5 /* AnswerTests.m */,
			);
			name = Models;
			sourceTree = "<group>";
		};
		D56521831C8BE6E9008B58E5 /* Domain Logic */ = {
			isa = PBXGroup;
			children = (
				D56521851C8CFDE8008B58E5 /* StackOverflowManager.h */,
				D56521861C8CFDE8008B58E5 /* StackOverflowManager.m */,
			);
			name = "Domain Logic";
			sourceTree = "<group>";
		};
		D56521841C8BE715008B58E5 /* Domain Logic */ = {
			isa = PBXGroup;
			children = (
				D565218A1C8CFE8F008B58E5 /* MockStackOverflowManagerDelegate.h */,
				D565218B1C8CFE8F008B58E5 /* MockStackOverflowManagerDelegate.m */,
				D56521941C911A39008B58E5 /* QuestionCreationWorkflowTests.m */,
			);
			name = "Domain Logic";
			sourceTree = "<group>";
		};
		D56521961C911D88008B58E5 /* Controllers */ = {
			isa = PBXGroup;
			children = (
				D56521971C911DB6008B58E5 /* MasterViewController.m */,
				D56521981C911DB6008B58E5 /* MasterViewController.h */,
				D56521991C911DB6008B58E5 /* DetailViewController.m */,
				D565219A1C911DB6008B58E5 /* DetailViewController.h */,
			);
			name = Controllers;
			sourceTree = "<group>";
		};
		D565219F1C911DD3008B58E5 /* Communicators */ = {
			isa = PBXGroup;
			children = (
				D56521A01C911DEF008B58E5 /* StackOverflowCommunicator.h */,
				D56521A11C911DEF008B58E5 /* StackOverflowCommunicator.m */,
			);
			name = Communicators;
			sourceTree = "<group>";
		};
		D56521A41C911DF7008B58E5 /* Communicators */ = {
			isa = PBXGroup;
			children = (
				D56521A51C911E10008B58E5 /* MockStackOverflowCommunicator.h */,
				D56521A61C911E10008B58E5 /* MockStackOverflowCommunicator.m */,
			);
			name = Communicators;
			sourceTree = "<group>";
		};
		D56521A81C912E62008B58E5 /* Builders */ = {
			isa = PBXGroup;
			children = (
				D56521A91C912E84008B58E5 /* QuestionBuilder.h */,
				D56521AA1C912E84008B58E5 /* QuestionBuilder.m */,
			);
			name = Builders;
			sourceTree = "<group>";
		};
		D56521AD1C912EC4008B58E5 /* Builders */ = {
			isa = PBXGroup;
			children = (
				D56521AE1C912EDF008B58E5 /* FakeQuestionBuilder.h */,
				D56521AF1C912EDF008B58E5 /* FakeQuestionBuilder.m */,
			);
			name = Builders;
			sourceTree = "<group>";
		};
/* End PBXGroup section */

/* Begin PBXNativeTarget section */
		D56521371C86699D008B58E5 /* BrowseOverflow */ = {
			isa = PBXNativeTarget;
			buildConfigurationList = D565215D1C86699D008B58E5 /* Build configuration list for PBXNativeTarget "BrowseOverflow" */;
			buildPhases = (
				D56521341C86699D008B58E5 /* Sources */,
				D56521351C86699D008B58E5 /* Frameworks */,
				D56521361C86699D008B58E5 /* Resources */,
			);
			buildRules = (
			);
			dependencies = (
			);
			name = BrowseOverflow;
			productName = BrowseOverflow;
			productReference = D56521381C86699D008B58E5 /* BrowseOverflow.app */;
			productType = "com.apple.product-type.application";
		};
		D56521531C86699D008B58E5 /* BrowseOverflowTests */ = {
			isa = PBXNativeTarget;
			buildConfigurationList = D56521601C86699D008B58E5 /* Build configuration list for PBXNativeTarget "BrowseOverflowTests" */;
			buildPhases = (
				D56521501C86699D008B58E5 /* Sources */,
				D56521511C86699D008B58E5 /* Frameworks */,
				D56521521C86699D008B58E5 /* Resources */,
			);
			buildRules = (
			);
			dependencies = (
				D56521561C86699D008B58E5 /* PBXTargetDependency */,
			);
			name = BrowseOverflowTests;
			productName = BrowseOverflowTests;
			productReference = D56521541C86699D008B58E5 /* BrowseOverflowTests.xctest */;
			productType = "com.apple.product-type.bundle.unit-test";
		};
/* End PBXNativeTarget section */

/* Begin PBXProject section */
		D56521301C86699D008B58E5 /* Project object */ = {
			isa = PBXProject;
			attributes = {
				LastUpgradeCheck = 0720;
				ORGANIZATIONNAME = "Aaron Pankratz";
				TargetAttributes = {
					D56521371C86699D008B58E5 = {
						CreatedOnToolsVersion = 7.2.1;
					};
					D56521531C86699D008B58E5 = {
						CreatedOnToolsVersion = 7.2.1;
						TestTargetID = D56521371C86699D008B58E5;
					};
				};
			};
			buildConfigurationList = D56521331C86699D008B58E5 /* Build configuration list for PBXProject "BrowseOverflow" */;
			compatibilityVersion = "Xcode 3.2";
			developmentRegion = English;
			hasScannedForEncodings = 0;
			knownRegions = (
				en,
				Base,
			);
			mainGroup = D565212F1C86699D008B58E5;
			productRefGroup = D56521391C86699D008B58E5 /* Products */;
			projectDirPath = "";
			projectRoot = "";
			targets = (
				D56521371C86699D008B58E5 /* BrowseOverflow */,
				D56521531C86699D008B58E5 /* BrowseOverflowTests */,
			);
		};
/* End PBXProject section */

/* Begin PBXResourcesBuildPhase section */
		D56521361C86699D008B58E5 /* Resources */ = {
			isa = PBXResourcesBuildPhase;
			buildActionMask = 2147483647;
			files = (
				D565214E1C86699D008B58E5 /* LaunchScreen.storyboard in Resources */,
				D565214B1C86699D008B58E5 /* Assets.xcassets in Resources */,
				D56521491C86699D008B58E5 /* Main.storyboard in Resources */,
			);
			runOnlyForDeploymentPostprocessing = 0;
		};
		D56521521C86699D008B58E5 /* Resources */ = {
			isa = PBXResourcesBuildPhase;
			buildActionMask = 2147483647;
			files = (
			);
			runOnlyForDeploymentPostprocessing = 0;
		};
/* End PBXResourcesBuildPhase section */

/* Begin PBXSourcesBuildPhase section */
		D56521341C86699D008B58E5 /* Sources */ = {
			isa = PBXSourcesBuildPhase;
			buildActionMask = 2147483647;
			files = (
				D56521A21C911DEF008B58E5 /* StackOverflowCommunicator.m in Sources */,
				D56521401C86699D008B58E5 /* AppDelegate.m in Sources */,
				D56521791C87FFED008B58E5 /* Person.m in Sources */,
				D565218C1C8CFE8F008B58E5 /* MockStackOverflowManagerDelegate.m in Sources */,
				D565217F1C8B3BA5008B58E5 /* Answer.m in Sources */,
				D565213D1C86699D008B58E5 /* main.m in Sources */,
				D565219D1C911DB6008B58E5 /* DetailViewController.m in Sources */,
				D56521AB1C912E84008B58E5 /* QuestionBuilder.m in Sources */,
				D56521731C867977008B58E5 /* Question.m in Sources */,
				D565216B1C866F59008B58E5 /* Topic.m in Sources */,
				D565219B1C911DB6008B58E5 /* MasterViewController.m in Sources */,
				D56521871C8CFDE8008B58E5 /* StackOverflowManager.m in Sources */,
			);
			runOnlyForDeploymentPostprocessing = 0;
		};
		D56521501C86699D008B58E5 /* Sources */ = {
			isa = PBXSourcesBuildPhase;
			buildActionMask = 2147483647;
			files = (
				D56521951C911A39008B58E5 /* QuestionCreationWorkflowTests.m in Sources */,
				D565217C1C8B354C008B58E5 /* AnswerTests.m in Sources */,
				D565217A1C87FFED008B58E5 /* Person.m in Sources */,
				D56521681C866B0C008B58E5 /* TopicTests.m in Sources */,
				D565219C1C911DB6008B58E5 /* MasterViewController.m in Sources */,
				D56521801C8B3BA5008B58E5 /* Answer.m in Sources */,
				D565218D1C8CFE8F008B58E5 /* MockStackOverflowManagerDelegate.m in Sources */,
				D56521A31C911DEF008B58E5 /* StackOverflowCommunicator.m in Sources */,
				D56521741C867977008B58E5 /* Question.m in Sources */,
				D56521701C867839008B58E5 /* QuestionTests.m in Sources */,
				D565219E1C911DB6008B58E5 /* DetailViewController.m in Sources */,
				D56521B01C912EDF008B58E5 /* FakeQuestionBuilder.m in Sources */,
				D56521AC1C912E84008B58E5 /* QuestionBuilder.m in Sources */,
				D56521881C8CFDE8008B58E5 /* StackOverflowManager.m in Sources */,
				D56521A71C911E10008B58E5 /* MockStackOverflowCommunicator.m in Sources */,
				D565216C1C866F59008B58E5 /* Topic.m in Sources */,
				D56521761C87FEFE008B58E5 /* PersonTests.m in Sources */,
			);
			runOnlyForDeploymentPostprocessing = 0;
		};
/* End PBXSourcesBuildPhase section */

/* Begin PBXTargetDependency section */
		D56521561C86699D008B58E5 /* PBXTargetDependency */ = {
			isa = PBXTargetDependency;
			target = D56521371C86699D008B58E5 /* BrowseOverflow */;
			targetProxy = D56521551C86699D008B58E5 /* PBXContainerItemProxy */;
		};
/* End PBXTargetDependency section */

/* Begin PBXVariantGroup section */
		D56521471C86699D008B58E5 /* Main.storyboard */ = {
			isa = PBXVariantGroup;
			children = (
				D56521481C86699D008B58E5 /* Base */,
			);
			name = Main.storyboard;
			sourceTree = "<group>";
		};
		D565214C1C86699D008B58E5 /* LaunchScreen.storyboard */ = {
			isa = PBXVariantGroup;
			children = (
				D565214D1C86699D008B58E5 /* Base */,
			);
			name = LaunchScreen.storyboard;
			sourceTree = "<group>";
		};
/* End PBXVariantGroup section */

/* Begin XCBuildConfiguration section */
		D565215B1C86699D008B58E5 /* Debug */ = {
			isa = XCBuildConfiguration;
			buildSettings = {
				ALWAYS_SEARCH_USER_PATHS = NO;
				CLANG_CXX_LANGUAGE_STANDARD = "gnu++0x";
				CLANG_CXX_LIBRARY = "libc++";
				CLANG_ENABLE_MODULES = YES;
				CLANG_ENABLE_OBJC_ARC = YES;
				CLANG_WARN_BOOL_CONVERSION = YES;
				CLANG_WARN_CONSTANT_CONVERSION = YES;
				CLANG_WARN_DIRECT_OBJC_ISA_USAGE = YES_ERROR;
				CLANG_WARN_EMPTY_BODY = YES;
				CLANG_WARN_ENUM_CONVERSION = YES;
				CLANG_WARN_INT_CONVERSION = YES;
				CLANG_WARN_OBJC_ROOT_CLASS = YES_ERROR;
				CLANG_WARN_UNREACHABLE_CODE = YES;
				CLANG_WARN__DUPLICATE_METHOD_MATCH = YES;
				"CODE_SIGN_IDENTITY[sdk=iphoneos*]" = "iPhone Developer";
				COPY_PHASE_STRIP = NO;
				DEBUG_INFORMATION_FORMAT = dwarf;
				ENABLE_STRICT_OBJC_MSGSEND = YES;
				ENABLE_TESTABILITY = YES;
				GCC_C_LANGUAGE_STANDARD = gnu99;
				GCC_DYNAMIC_NO_PIC = NO;
				GCC_NO_COMMON_BLOCKS = YES;
				GCC_OPTIMIZATION_LEVEL = 0;
				GCC_PREPROCESSOR_DEFINITIONS = (
					"DEBUG=1",
					"$(inherited)",
				);
				GCC_WARN_64_TO_32_BIT_CONVERSION = YES;
				GCC_WARN_ABOUT_RETURN_TYPE = YES_ERROR;
				GCC_WARN_UNDECLARED_SELECTOR = YES;
				GCC_WARN_UNINITIALIZED_AUTOS = YES_AGGRESSIVE;
				GCC_WARN_UNUSED_FUNCTION = YES;
				GCC_WARN_UNUSED_VARIABLE = YES;
				IPHONEOS_DEPLOYMENT_TARGET = 9.2;
				MTL_ENABLE_DEBUG_INFO = YES;
				ONLY_ACTIVE_ARCH = YES;
				SDKROOT = iphoneos;
				TARGETED_DEVICE_FAMILY = "1,2";
			};
			name = Debug;
		};
		D565215C1C86699D008B58E5 /* Release */ = {
			isa = XCBuildConfiguration;
			buildSettings = {
				ALWAYS_SEARCH_USER_PATHS = NO;
				CLANG_CXX_LANGUAGE_STANDARD = "gnu++0x";
				CLANG_CXX_LIBRARY = "libc++";
				CLANG_ENABLE_MODULES = YES;
				CLANG_ENABLE_OBJC_ARC = YES;
				CLANG_WARN_BOOL_CONVERSION = YES;
				CLANG_WARN_CONSTANT_CONVERSION = YES;
				CLANG_WARN_DIRECT_OBJC_ISA_USAGE = YES_ERROR;
				CLANG_WARN_EMPTY_BODY = YES;
				CLANG_WARN_ENUM_CONVERSION = YES;
				CLANG_WARN_INT_CONVERSION = YES;
				CLANG_WARN_OBJC_ROOT_CLASS = YES_ERROR;
				CLANG_WARN_UNREACHABLE_CODE = YES;
				CLANG_WARN__DUPLICATE_METHOD_MATCH = YES;
				"CODE_SIGN_IDENTITY[sdk=iphoneos*]" = "iPhone Developer";
				COPY_PHASE_STRIP = NO;
				DEBUG_INFORMATION_FORMAT = "dwarf-with-dsym";
				ENABLE_NS_ASSERTIONS = NO;
				ENABLE_STRICT_OBJC_MSGSEND = YES;
				GCC_C_LANGUAGE_STANDARD = gnu99;
				GCC_NO_COMMON_BLOCKS = YES;
				GCC_WARN_64_TO_32_BIT_CONVERSION = YES;
				GCC_WARN_ABOUT_RETURN_TYPE = YES_ERROR;
				GCC_WARN_UNDECLARED_SELECTOR = YES;
				GCC_WARN_UNINITIALIZED_AUTOS = YES_AGGRESSIVE;
				GCC_WARN_UNUSED_FUNCTION = YES;
				GCC_WARN_UNUSED_VARIABLE = YES;
				IPHONEOS_DEPLOYMENT_TARGET = 9.2;
				MTL_ENABLE_DEBUG_INFO = NO;
				SDKROOT = iphoneos;
				TARGETED_DEVICE_FAMILY = "1,2";
				VALIDATE_PRODUCT = YES;
			};
			name = Release;
		};
		D565215E1C86699D008B58E5 /* Debug */ = {
			isa = XCBuildConfiguration;
			buildSettings = {
				ASSETCATALOG_COMPILER_APPICON_NAME = AppIcon;
				INFOPLIST_FILE = BrowseOverflow/Info.plist;
				LD_RUNPATH_SEARCH_PATHS = "$(inherited) @executable_path/Frameworks";
				PRODUCT_BUNDLE_IDENTIFIER = aaronpankratz.BrowseOverflow;
				PRODUCT_NAME = "$(TARGET_NAME)";
			};
			name = Debug;
		};
		D565215F1C86699D008B58E5 /* Release */ = {
			isa = XCBuildConfiguration;
			buildSettings = {
				ASSETCATALOG_COMPILER_APPICON_NAME = AppIcon;
				INFOPLIST_FILE = BrowseOverflow/Info.plist;
				LD_RUNPATH_SEARCH_PATHS = "$(inherited) @executable_path/Frameworks";
				PRODUCT_BUNDLE_IDENTIFIER = aaronpankratz.BrowseOverflow;
				PRODUCT_NAME = "$(TARGET_NAME)";
			};
			name = Release;
		};
		D56521611C86699D008B58E5 /* Debug */ = {
			isa = XCBuildConfiguration;
			buildSettings = {
				BUNDLE_LOADER = "$(TEST_HOST)";
				INFOPLIST_FILE = BrowseOverflowTests/Info.plist;
				LD_RUNPATH_SEARCH_PATHS = "$(inherited) @executable_path/Frameworks @loader_path/Frameworks";
				PRODUCT_BUNDLE_IDENTIFIER = aaronpankratz.BrowseOverflowTests;
				PRODUCT_NAME = "$(TARGET_NAME)";
				TEST_HOST = "$(BUILT_PRODUCTS_DIR)/BrowseOverflow.app/BrowseOverflow";
			};
			name = Debug;
		};
		D56521621C86699D008B58E5 /* Release */ = {
			isa = XCBuildConfiguration;
			buildSettings = {
				BUNDLE_LOADER = "$(TEST_HOST)";
				INFOPLIST_FILE = BrowseOverflowTests/Info.plist;
				LD_RUNPATH_SEARCH_PATHS = "$(inherited) @executable_path/Frameworks @loader_path/Frameworks";
				PRODUCT_BUNDLE_IDENTIFIER = aaronpankratz.BrowseOverflowTests;
				PRODUCT_NAME = "$(TARGET_NAME)";
				TEST_HOST = "$(BUILT_PRODUCTS_DIR)/BrowseOverflow.app/BrowseOverflow";
			};
			name = Release;
		};
/* End XCBuildConfiguration section */

/* Begin XCConfigurationList section */
		D56521331C86699D008B58E5 /* Build configuration list for PBXProject "BrowseOverflow" */ = {
			isa = XCConfigurationList;
			buildConfigurations = (
				D565215B1C86699D008B58E5 /* Debug */,
				D565215C1C86699D008B58E5 /* Release */,
			);
			defaultConfigurationIsVisible = 0;
			defaultConfigurationName = Release;
		};
		D565215D1C86699D008B58E5 /* Build configuration list for PBXNativeTarget "BrowseOverflow" */ = {
			isa = XCConfigurationList;
			buildConfigurations = (
				D565215E1C86699D008B58E5 /* Debug */,
				D565215F1C86699D008B58E5 /* Release */,
			);
			defaultConfigurationIsVisible = 0;
		};
		D56521601C86699D008B58E5 /* Build configuration list for PBXNativeTarget "BrowseOverflowTests" */ = {
			isa = XCConfigurationList;
			buildConfigurations = (
				D56521611C86699D008B58E5 /* Debug */,
				D56521621C86699D008B58E5 /* Release */,
			);
			defaultConfigurationIsVisible = 0;
		};
/* End XCConfigurationList section */
	};
	rootObject = D56521301C86699D008B58E5 /* Project object */;
}
